
Microsoft Visual Studio Solution File, Format Version 12.00
# Visual Studio Version 16
VisualStudioVersion = 16.0.32413.511
MinimumVisualStudioVersion = 10.0.40219.1
Project("{FAE04EC0-301F-11D3-BF4B-00C04F79EFBC}") = "Banco", "Banco\Banco.csproj", "{AA5AF9F7-4183-447C-B3FB-6617C9AE5343}"
EndProject
Global
	GlobalSection(SolutionConfigurationPlatforms) = preSolution
		Debug|Any CPU = Debug|Any CPU
		Release|Any CPU = Release|Any CPU
	EndGlobalSection
	GlobalSection(ProjectConfigurationPlatforms) = postSolution
		{AA5AF9F7-4183-447C-B3FB-6617C9AE5343}.Debug|Any CPU.ActiveCfg = Debug|Any CPU
		{AA5AF9F7-4183-447C-B3FB-6617C9AE5343}.Debug|Any CPU.Build.0 = Debug|Any CPU
		{AA5AF9F7-4183-447C-B3FB-6617C9AE5343}.Release|Any CPU.ActiveCfg = Release|Any CPU
		{AA5AF9F7-4183-447C-B3FB-6617C9AE5343}.Release|Any CPU.Build.0 = Release|Any CPU
	EndGlobalSection
	GlobalSection(SolutionProperties) = preSolution
		HideSolutionNode = FALSE
	EndGlobalSection
	GlobalSection(ExtensibilityGlobals) = postSolution
		SolutionGuid = {4459CA5D-1719-4D74-B9CC-35468341B274}
	EndGlobalSection
EndGlobal
